
Microsoft Visual Studio Solution File, Format Version 12.00
# Visual Studio 15
VisualStudioVersion = 15.0.27130.2020
MinimumVisualStudioVersion = 10.0.40219.1
Project("{FAE04EC0-301F-11D3-BF4B-00C04F79EFBC}") = "Lab5_v2", "Lab5_v2\Lab5_v2.csproj", "{122B4AAD-CD30-43ED-81F8-FFA9E8848104}"
EndProject
Global
	GlobalSection(SolutionConfigurationPlatforms) = preSolution
		Debug|Any CPU = Debug|Any CPU
		Release|Any CPU = Release|Any CPU
	EndGlobalSection
	GlobalSection(ProjectConfigurationPlatforms) = postSolution
		{122B4AAD-CD30-43ED-81F8-FFA9E8848104}.Debug|Any CPU.ActiveCfg = Debug|Any CPU
		{122B4AAD-CD30-43ED-81F8-FFA9E8848104}.Debug|Any CPU.Build.0 = Debug|Any CPU
		{122B4AAD-CD30-43ED-81F8-FFA9E8848104}.Release|Any CPU.ActiveCfg = Release|Any CPU
		{122B4AAD-CD30-43ED-81F8-FFA9E8848104}.Release|Any CPU.Build.0 = Release|Any CPU
	EndGlobalSection
	GlobalSection(SolutionProperties) = preSolution
		HideSolutionNode = FALSE
	EndGlobalSection
	GlobalSection(ExtensibilityGlobals) = postSolution
		SolutionGuid = {AB460174-C022-4F50-89D6-9F0545D0BE37}
	EndGlobalSection
EndGlobal
