
Microsoft Visual Studio Solution File, Format Version 12.00
# Visual Studio 15
VisualStudioVersion = 15.0.27130.2020
MinimumVisualStudioVersion = 10.0.40219.1
Project("{FAE04EC0-301F-11D3-BF4B-00C04F79EFBC}") = "Lab_9", "Lab_9\Lab_9.csproj", "{A2B6ECA9-9C9A-4FFE-964B-3D4FEB1400A5}"
EndProject
Project("{FAE04EC0-301F-11D3-BF4B-00C04F79EFBC}") = "Lab_9.API", "Lab_9.API\Lab_9.API.csproj", "{7BD12DCE-6FC3-4A87-B146-9F6D41F8C8BD}"
EndProject
Global
	GlobalSection(SolutionConfigurationPlatforms) = preSolution
		Debug|Any CPU = Debug|Any CPU
		Release|Any CPU = Release|Any CPU
	EndGlobalSection
	GlobalSection(ProjectConfigurationPlatforms) = postSolution
		{A2B6ECA9-9C9A-4FFE-964B-3D4FEB1400A5}.Debug|Any CPU.ActiveCfg = Debug|Any CPU
		{A2B6ECA9-9C9A-4FFE-964B-3D4FEB1400A5}.Debug|Any CPU.Build.0 = Debug|Any CPU
		{A2B6ECA9-9C9A-4FFE-964B-3D4FEB1400A5}.Release|Any CPU.ActiveCfg = Release|Any CPU
		{A2B6ECA9-9C9A-4FFE-964B-3D4FEB1400A5}.Release|Any CPU.Build.0 = Release|Any CPU
		{7BD12DCE-6FC3-4A87-B146-9F6D41F8C8BD}.Debug|Any CPU.ActiveCfg = Debug|Any CPU
		{7BD12DCE-6FC3-4A87-B146-9F6D41F8C8BD}.Debug|Any CPU.Build.0 = Debug|Any CPU
		{7BD12DCE-6FC3-4A87-B146-9F6D41F8C8BD}.Release|Any CPU.ActiveCfg = Release|Any CPU
		{7BD12DCE-6FC3-4A87-B146-9F6D41F8C8BD}.Release|Any CPU.Build.0 = Release|Any CPU
	EndGlobalSection
	GlobalSection(SolutionProperties) = preSolution
		HideSolutionNode = FALSE
	EndGlobalSection
	GlobalSection(ExtensibilityGlobals) = postSolution
		SolutionGuid = {5FDAC5D8-3E83-4DA0-8167-C55EF07609F8}
	EndGlobalSection
EndGlobal
