
Microsoft Visual Studio Solution File, Format Version 12.00
# Visual Studio 15
VisualStudioVersion = 15.0.27130.2020
MinimumVisualStudioVersion = 10.0.40219.1
Project("{FAE04EC0-301F-11D3-BF4B-00C04F79EFBC}") = "Lab1", "Lab1\Lab1.csproj", "{601BBFBD-9B82-45DB-88A3-3F8C85D8751F}"
EndProject
Global
	GlobalSection(SolutionConfigurationPlatforms) = preSolution
		Debug|Any CPU = Debug|Any CPU
		Release|Any CPU = Release|Any CPU
	EndGlobalSection
	GlobalSection(ProjectConfigurationPlatforms) = postSolution
		{601BBFBD-9B82-45DB-88A3-3F8C85D8751F}.Debug|Any CPU.ActiveCfg = Debug|Any CPU
		{601BBFBD-9B82-45DB-88A3-3F8C85D8751F}.Debug|Any CPU.Build.0 = Debug|Any CPU
		{601BBFBD-9B82-45DB-88A3-3F8C85D8751F}.Release|Any CPU.ActiveCfg = Release|Any CPU
		{601BBFBD-9B82-45DB-88A3-3F8C85D8751F}.Release|Any CPU.Build.0 = Release|Any CPU
	EndGlobalSection
	GlobalSection(SolutionProperties) = preSolution
		HideSolutionNode = FALSE
	EndGlobalSection
	GlobalSection(ExtensibilityGlobals) = postSolution
		SolutionGuid = {00863818-99B1-4A56-8D0C-22924D624F38}
	EndGlobalSection
EndGlobal
