
Microsoft Visual Studio Solution File, Format Version 12.00
# Visual Studio 15
VisualStudioVersion = 15.0.27130.2020
MinimumVisualStudioVersion = 10.0.40219.1
Project("{FAE04EC0-301F-11D3-BF4B-00C04F79EFBC}") = "Lab_1", "Lab_1\Lab_1.csproj", "{A1AE99D0-9EE9-4BA1-A9C7-9E89CC1EC78E}"
EndProject
Global
	GlobalSection(SolutionConfigurationPlatforms) = preSolution
		Debug|Any CPU = Debug|Any CPU
		Release|Any CPU = Release|Any CPU
	EndGlobalSection
	GlobalSection(ProjectConfigurationPlatforms) = postSolution
		{A1AE99D0-9EE9-4BA1-A9C7-9E89CC1EC78E}.Debug|Any CPU.ActiveCfg = Debug|Any CPU
		{A1AE99D0-9EE9-4BA1-A9C7-9E89CC1EC78E}.Debug|Any CPU.Build.0 = Debug|Any CPU
		{A1AE99D0-9EE9-4BA1-A9C7-9E89CC1EC78E}.Release|Any CPU.ActiveCfg = Release|Any CPU
		{A1AE99D0-9EE9-4BA1-A9C7-9E89CC1EC78E}.Release|Any CPU.Build.0 = Release|Any CPU
	EndGlobalSection
	GlobalSection(SolutionProperties) = preSolution
		HideSolutionNode = FALSE
	EndGlobalSection
	GlobalSection(ExtensibilityGlobals) = postSolution
		SolutionGuid = {859B2B41-A024-4116-944B-78869F7F41BA}
	EndGlobalSection
EndGlobal
